github.com/golang/protobuf v0.0.0-20170523065751-7a211bcf3bce h1:1Dyb19DS8rM2Vi81OXm62EJES+9hv5Iw3N5Px2UsvS8=
github.com/golang/protobuf v0.0.0-20170523065751-7a211bcf3bce/go.mod h1:6lQm79b+lXiMfvg/cZm0SGofjICqVBUtrP5yJMmIC1U=
golang.org/x/sync v0.0.0-20220601150217-0de741cfad7f h1:Ax0t5p6N38Ga0dThY21weqDEyz2oklo4IvDkpigvkD8=
golang.org/x/sync v0.0.0-20220601150217-0de741cfad7f/go.mod h1:RxMgew5VJxzue5/jJTE5uejpjVlOe/izrB70Jof72aM=
