# This file is autogenerated, do not edit; changes may be undone by the next 'dep ensure'.


[[projects]]
  digest = "1:b4bc4f5d64ac265334eb14d6da250755107eb6aba9cc46371bfa6eb98b559af7"
  name = "github.com/golang/protobuf"
  packages = [
    "proto",
    "protoc-gen-go/descriptor",
  ]
  pruneopts = "UT"
  revision = "7a211bcf3bce0e3f1d74f9894916e6f116ae83b4"

[solve-meta]
  analyzer-name = "dep"
  analyzer-version = 1
  input-imports = [
    "github.com/golang/protobuf/proto",
    "github.com/golang/protobuf/protoc-gen-go/descriptor",
  ]
  solver-name = "gps-cdcl"
  solver-version = 1
