# This file is autogenerated, do not edit; changes may be undone by the next 'dep ensure'.


[[projects]]
  name = "github.com/golang/protobuf"
  packages = [
    "proto",
    "protoc-gen-go/descriptor"
  ]
  revision = "7a211bcf3bce0e3f1d74f9894916e6f116ae83b4"

[solve-meta]
  analyzer-name = "dep"
  analyzer-version = 1
  inputs-digest = "8f31c31f508dadef29ef94271f5309641fafa8211eaee1536874c40f4b24eae0"
  solver-name = "gps-cdcl"
  solver-version = 1
